// !$*UTF8*$!
{
	archiveVersion = 1;
	classes = {
	};
	objectVersion = 54;
	objects = {

/* Begin PBXBuildFile section */
		00E356F31AD99517003FC87E /* neo_appTests.m in Sources */ = {isa = PBXBuildFile; fileRef = 00E356F21AD99517003FC87E /* neo_appTests.m */; };
		0C80B921A6F3F58F76C31292 /* libPods-neo_app.a in Frameworks */ = {isa = PBXBuildFile; fileRef = 5DCACB8F33CDC322A6C60F78 /* libPods-neo_app.a */; };
		13B07FBC1A68108700A75B9A /* AppDelegate.mm in Sources */ = {isa = PBXBuildFile; fileRef = 13B07FB01A68108700A75B9A /* AppDelegate.mm */; };
		13B07FBF1A68108700A75B9A /* Images.xcassets in Resources */ = {isa = PBXBuildFile; fileRef = 13B07FB51A68108700A75B9A /* Images.xcassets */; };
		13B07FC11A68108700A75B9A /* main.m in Sources */ = {isa = PBXBuildFile; fileRef = 13B07FB71A68108700A75B9A /* main.m */; };
		177530AD2C2AAD0700AC1DB4 /* AntDesign.ttf in Resources */ = {isa = PBXBuildFile; fileRef = 1775309C2C2AAD0700AC1DB4 /* AntDesign.ttf */; };
		177530AE2C2AAD0700AC1DB4 /* Entypo.ttf in Resources */ = {isa = PBXBuildFile; fileRef = 1775309D2C2AAD0700AC1DB4 /* Entypo.ttf */; };
		177530AF2C2AAD0700AC1DB4 /* EvilIcons.ttf in Resources */ = {isa = PBXBuildFile; fileRef = 1775309E2C2AAD0700AC1DB4 /* EvilIcons.ttf */; };
		177530B02C2AAD0700AC1DB4 /* Feather.ttf in Resources */ = {isa = PBXBuildFile; fileRef = 1775309F2C2AAD0700AC1DB4 /* Feather.ttf */; };
		177530B12C2AAD0700AC1DB4 /* FontAwesome.ttf in Resources */ = {isa = PBXBuildFile; fileRef = 177530A02C2AAD0700AC1DB4 /* FontAwesome.ttf */; };
		177530B22C2AAD0700AC1DB4 /* FontAwesome5_Brands.ttf in Resources */ = {isa = PBXBuildFile; fileRef = 177530A12C2AAD0700AC1DB4 /* FontAwesome5_Brands.ttf */; };
		177530B32C2AAD0700AC1DB4 /* FontAwesome5_Regular.ttf in Resources */ = {isa = PBXBuildFile; fileRef = 177530A22C2AAD0700AC1DB4 /* FontAwesome5_Regular.ttf */; };
		177530B42C2AAD0700AC1DB4 /* FontAwesome5_Solid.ttf in Resources */ = {isa = PBXBuildFile; fileRef = 177530A32C2AAD0700AC1DB4 /* FontAwesome5_Solid.ttf */; };
		177530B52C2AAD0700AC1DB4 /* Fontisto.ttf in Resources */ = {isa = PBXBuildFile; fileRef = 177530A42C2AAD0700AC1DB4 /* Fontisto.ttf */; };
		177530B62C2AAD0700AC1DB4 /* Foundation.ttf in Resources */ = {isa = PBXBuildFile; fileRef = 177530A52C2AAD0700AC1DB4 /* Foundation.ttf */; };
		177530B72C2AAD0700AC1DB4 /* Ionicons.ttf in Resources */ = {isa = PBXBuildFile; fileRef = 177530A62C2AAD0700AC1DB4 /* Ionicons.ttf */; };
		177530B82C2AAD0700AC1DB4 /* MaterialCommunityIcons.ttf in Resources */ = {isa = PBXBuildFile; fileRef = 177530A72C2AAD0700AC1DB4 /* MaterialCommunityIcons.ttf */; };
		177530B92C2AAD0700AC1DB4 /* MaterialIcons.ttf in Resources */ = {isa = PBXBuildFile; fileRef = 177530A82C2AAD0700AC1DB4 /* MaterialIcons.ttf */; };
		177530BA2C2AAD0700AC1DB4 /* Octicons.ttf in Resources */ = {isa = PBXBuildFile; fileRef = 177530A92C2AAD0700AC1DB4 /* Octicons.ttf */; };
		177530BB2C2AAD0700AC1DB4 /* SimpleLineIcons.ttf in Resources */ = {isa = PBXBuildFile; fileRef = 177530AA2C2AAD0700AC1DB4 /* SimpleLineIcons.ttf */; };
		177530BC2C2AAD0700AC1DB4 /* Zocial.ttf in Resources */ = {isa = PBXBuildFile; fileRef = 177530AB2C2AAD0700AC1DB4 /* Zocial.ttf */; };
		734FD2F6187CB8C25261CB80 /* PrivacyInfo.xcprivacy in Resources */ = {isa = PBXBuildFile; fileRef = 7C25B8EF11542F29F4CA267B /* PrivacyInfo.xcprivacy */; };
		7699B88040F8A987B510C191 /* libPods-neo_app-neo_appTests.a in Frameworks */ = {isa = PBXBuildFile; fileRef = 19F6CBCC0A4E27FBF8BF4A61 /* libPods-neo_app-neo_appTests.a */; };
		81AB9BB82411601600AC10FF /* LaunchScreen.storyboard in Resources */ = {isa = PBXBuildFile; fileRef = 81AB9BB72411601600AC10FF /* LaunchScreen.storyboard */; };
		4FC47882F49447218132C2F0 /* Barlow-Black.ttf in Resources */ = {isa = PBXBuildFile; fileRef = 21391609E2D442149614D4FB /* Barlow-Black.ttf */; };
		7620FDE7CA3B40F88F5FA446 /* Barlow-BlackItalic.ttf in Resources */ = {isa = PBXBuildFile; fileRef = F1037096D0F64DCD86DEC169 /* Barlow-BlackItalic.ttf */; };
		A78FEAF857654C37A3A8B9F4 /* Barlow-Bold.ttf in Resources */ = {isa = PBXBuildFile; fileRef = 8F17615999AC42DD80F2BDAA /* Barlow-Bold.ttf */; };
		5AD47470E5034C06A5A87FB8 /* Barlow-BoldItalic.ttf in Resources */ = {isa = PBXBuildFile; fileRef = DDDB85E809FB491EAAC8EBEF /* Barlow-BoldItalic.ttf */; };
		579C58FFD8A7487D9B3C5457 /* Barlow-ExtraBold.ttf in Resources */ = {isa = PBXBuildFile; fileRef = DABF4BC4FD7A432BBDD9EC7F /* Barlow-ExtraBold.ttf */; };
		987A6CC0F2E14504A617F5D1 /* Barlow-ExtraBoldItalic.ttf in Resources */ = {isa = PBXBuildFile; fileRef = 0458598EA01C413AA1F0C948 /* Barlow-ExtraBoldItalic.ttf */; };
		CA47ABE063764B7A91705530 /* Barlow-ExtraLight.ttf in Resources */ = {isa = PBXBuildFile; fileRef = 9FB95E375EC346B392697FCC /* Barlow-ExtraLight.ttf */; };
		E4D2F797E8634CA58317D550 /* Barlow-ExtraLightItalic.ttf in Resources */ = {isa = PBXBuildFile; fileRef = BA945721EDF34356AE6C1F1C /* Barlow-ExtraLightItalic.ttf */; };
		F779AEABED53413B96D56320 /* Barlow-Italic.ttf in Resources */ = {isa = PBXBuildFile; fileRef = CF5EE5735285449EABDCE805 /* Barlow-Italic.ttf */; };
		DFF7A5F6C2B44A24BDD4726A /* Barlow-Light.ttf in Resources */ = {isa = PBXBuildFile; fileRef = 52FBFDEEB47B473CA4A95DE3 /* Barlow-Light.ttf */; };
		E1B02A3D8B7C46CDADD766ED /* Barlow-LightItalic.ttf in Resources */ = {isa = PBXBuildFile; fileRef = 1C297059ACFF44EBAF18107A /* Barlow-LightItalic.ttf */; };
		8B63D0E5D7C740EC89E50B91 /* Barlow-Medium.ttf in Resources */ = {isa = PBXBuildFile; fileRef = 655C24F9727140ADA79B77EF /* Barlow-Medium.ttf */; };
		D6FE88473A2B4FA69195D72F /* Barlow-MediumItalic.ttf in Resources */ = {isa = PBXBuildFile; fileRef = 59BD0EAAC3F0426A92331774 /* Barlow-MediumItalic.ttf */; };
		EEDF73079FC24AB1A5F05A3B /* Barlow-Regular.ttf in Resources */ = {isa = PBXBuildFile; fileRef = 11C8523B74B741E590B5872B /* Barlow-Regular.ttf */; };
		3C81B2D8BE0047CC9D09932B /* Barlow-SemiBold.ttf in Resources */ = {isa = PBXBuildFile; fileRef = 3D876D231B104981B4830487 /* Barlow-SemiBold.ttf */; };
		4C9B0E3BA75E43A5918CB16C /* Barlow-SemiBoldItalic.ttf in Resources */ = {isa = PBXBuildFile; fileRef = 0CFC8201E1E34181BC0223EB /* Barlow-SemiBoldItalic.ttf */; };
		BE18E149D7DE41A081457B35 /* Barlow-Thin.ttf in Resources */ = {isa = PBXBuildFile; fileRef = B97D8A49834C4F128904C46A /* Barlow-Thin.ttf */; };
		46E0893F58D945939B0ECFC4 /* Barlow-ThinItalic.ttf in Resources */ = {isa = PBXBuildFile; fileRef = 6DF0B573E9694C8EB1CED869 /* Barlow-ThinItalic.ttf */; };
		ED49C0A7D6ED4FCD848FF4E7 /* Poppins-Black.ttf in Resources */ = {isa = PBXBuildFile; fileRef = 1A0941E24E03455A965279E4 /* Poppins-Black.ttf */; };
		C9D3DE0497D547AB806FE0A7 /* Poppins-BlackItalic.ttf in Resources */ = {isa = PBXBuildFile; fileRef = BC1C6B4E2092479A85D056E2 /* Poppins-BlackItalic.ttf */; };
		9B610F4C01FB4CAFB315C3B9 /* Poppins-Bold.ttf in Resources */ = {isa = PBXBuildFile; fileRef = 6FCD8DA139EF4DD795D3A205 /* Poppins-Bold.ttf */; };
		D44627D624A443D490004245 /* Poppins-BoldItalic.ttf in Resources */ = {isa = PBXBuildFile; fileRef = 5D2BA98F3D4E4A8793B46E0C /* Poppins-BoldItalic.ttf */; };
		0C8312D1BDF64953B79C4CA1 /* Poppins-ExtraBold.ttf in Resources */ = {isa = PBXBuildFile; fileRef = 9335556FD0684E4F96C93ED5 /* Poppins-ExtraBold.ttf */; };
		754B45FFA6D743C99DC02D9F /* Poppins-ExtraBoldItalic.ttf in Resources */ = {isa = PBXBuildFile; fileRef = 9EABA2695B8E43F4AA746B62 /* Poppins-ExtraBoldItalic.ttf */; };
		9F20DD1D7A6C4E6598C9B59F /* Poppins-ExtraLight.ttf in Resources */ = {isa = PBXBuildFile; fileRef = 1DBFB2BC6A9043C290E5B061 /* Poppins-ExtraLight.ttf */; };
		941C2BB0664D4BD88FB871E3 /* Poppins-ExtraLightItalic.ttf in Resources */ = {isa = PBXBuildFile; fileRef = A497B997B4C54B9C8F332CC3 /* Poppins-ExtraLightItalic.ttf */; };
		3EB4B7F487454E6AA4EEDEC2 /* Poppins-Italic.ttf in Resources */ = {isa = PBXBuildFile; fileRef = 613E462D644747F9B6F44C9A /* Poppins-Italic.ttf */; };
		423DD31E6BA44DA78552110E /* Poppins-Light.ttf in Resources */ = {isa = PBXBuildFile; fileRef = AC32C0E9E6884A6BA9196211 /* Poppins-Light.ttf */; };
		721948A382B44102AE970196 /* Poppins-LightItalic.ttf in Resources */ = {isa = PBXBuildFile; fileRef = 3046BF729A3F48839153AA1A /* Poppins-LightItalic.ttf */; };
		257010BCE76A41178E516E57 /* Poppins-Medium.ttf in Resources */ = {isa = PBXBuildFile; fileRef = 7F88A170DEEF4403B44D311D /* Poppins-Medium.ttf */; };
		44B7F58B3E8D43D883B85DE2 /* Poppins-MediumItalic.ttf in Resources */ = {isa = PBXBuildFile; fileRef = 3EB270E518BD4099B4F75D83 /* Poppins-MediumItalic.ttf */; };
		2C5BDD17F4164C699F57EE08 /* Poppins-Regular.ttf in Resources */ = {isa = PBXBuildFile; fileRef = CC8DFED195EE404D854E61FD /* Poppins-Regular.ttf */; };
		15E33F56466943688FCE7140 /* Poppins-SemiBold.ttf in Resources */ = {isa = PBXBuildFile; fileRef = BD806AFEA00C4F08A763724B /* Poppins-SemiBold.ttf */; };
		D961780C1B864206AA77CE9D /* Poppins-SemiBoldItalic.ttf in Resources */ = {isa = PBXBuildFile; fileRef = 192D3A88F2784E2B920E7682 /* Poppins-SemiBoldItalic.ttf */; };
		065DB53C46AD42BEB3A720D0 /* Poppins-Thin.ttf in Resources */ = {isa = PBXBuildFile; fileRef = 4EC4516D9DF242A9808C60C9 /* Poppins-Thin.ttf */; };
		B94C523798E148129DE70474 /* Poppins-ThinItalic.ttf in Resources */ = {isa = PBXBuildFile; fileRef = FA1C90AA46B2402B9A26F8BD /* Poppins-ThinItalic.ttf */; };
		9E04C0E3C9504C65A93B851A /* OFL.txt in Resources */ = {isa = PBXBuildFile; fileRef = 855F6C299597403F8EC53447 /* OFL.txt */; };
		0EF34F2BA73B4CAB86C0F282 /* AntDesign.ttf in Resources */ = {isa = PBXBuildFile; fileRef = 65C377B95FEF49D290AD3932 /* AntDesign.ttf */; };
		4D6CAFC2FD56421ABC0F3BF0 /* Entypo.ttf in Resources */ = {isa = PBXBuildFile; fileRef = CAD2B55D37A24B3D82C01DD6 /* Entypo.ttf */; };
		C9AC1A88FC6844868FA9BF4D /* EvilIcons.ttf in Resources */ = {isa = PBXBuildFile; fileRef = CF87D3D50F82480DACA5E5F2 /* EvilIcons.ttf */; };
		799EF728991343E681FE12FB /* Feather.ttf in Resources */ = {isa = PBXBuildFile; fileRef = 89FD651DDE9347B0B8AE7961 /* Feather.ttf */; };
		5766FC585CB64A30A87A130F /* FontAwesome.ttf in Resources */ = {isa = PBXBuildFile; fileRef = 82E318BF5A7E435C8518B764 /* FontAwesome.ttf */; };
		D2204E12C4494A43B8FDFEB7 /* FontAwesome5_Brands.ttf in Resources */ = {isa = PBXBuildFile; fileRef = 275F9DDD52184FB9A3173713 /* FontAwesome5_Brands.ttf */; };
		2FD71FBDE3FB4E22BF24E187 /* FontAwesome5_Regular.ttf in Resources */ = {isa = PBXBuildFile; fileRef = 48694DE290B944B58A89B003 /* FontAwesome5_Regular.ttf */; };
		2E7216688AE2458FBB5BEE6A /* FontAwesome5_Solid.ttf in Resources */ = {isa = PBXBuildFile; fileRef = 7476355BE1B645B19FE66127 /* FontAwesome5_Solid.ttf */; };
		F487CBDB64394C3991784BF1 /* Fontisto.ttf in Resources */ = {isa = PBXBuildFile; fileRef = C79F91941BC94A8FB825AE2C /* Fontisto.ttf */; };
		1C05FD4A74604E708156A5FE /* Foundation.ttf in Resources */ = {isa = PBXBuildFile; fileRef = 27BC9261878F470989D02B0B /* Foundation.ttf */; };
		462993712A5E41A999C953C3 /* Ionicons.ttf in Resources */ = {isa = PBXBuildFile; fileRef = C274B374EADD46F1B1BCD0CC /* Ionicons.ttf */; };
		BF57C29A6B094A9082AC80FC /* MaterialCommunityIcons.ttf in Resources */ = {isa = PBXBuildFile; fileRef = 91BDC1588B714EE29D84BE15 /* MaterialCommunityIcons.ttf */; };
		9D76EB6A94454139ABAF1E25 /* MaterialIcons.ttf in Resources */ = {isa = PBXBuildFile; fileRef = CA0317FD5D7848EC83F67D3E /* MaterialIcons.ttf */; };
		5864A37E59814B4F9BA01D96 /* Octicons.ttf in Resources */ = {isa = PBXBuildFile; fileRef = 22BF53411D864C1EADF56A99 /* Octicons.ttf */; };
		F85B9C2163944A1BAB1920D8 /* SimpleLineIcons.ttf in Resources */ = {isa = PBXBuildFile; fileRef = 635BB644316C429C8242996C /* SimpleLineIcons.ttf */; };
		D28DCB8E58AE421CA5645FCA /* Zocial.ttf in Resources */ = {isa = PBXBuildFile; fileRef = 8DCDCEBDBE8A49E7AC948982 /* Zocial.ttf */; };
/* End PBXBuildFile section */

/* Begin PBXContainerItemProxy section */
		00E356F41AD99517003FC87E /* PBXContainerItemProxy */ = {
			isa = PBXContainerItemProxy;
			containerPortal = 83CBB9F71A601CBA00E9B192 /* Project object */;
			proxyType = 1;
			remoteGlobalIDString = 13B07F861A680F5B00A75B9A;
			remoteInfo = neo_app;
		};
/* End PBXContainerItemProxy section */

/* Begin PBXFileReference section */
		00E356EE1AD99517003FC87E /* neo_appTests.xctest */ = {isa = PBXFileReference; explicitFileType = wrapper.cfbundle; includeInIndex = 0; path = neo_appTests.xctest; sourceTree = BUILT_PRODUCTS_DIR; };
		00E356F11AD99517003FC87E /* Info.plist */ = {isa = PBXFileReference; lastKnownFileType = text.plist.xml; path = Info.plist; sourceTree = "<group>"; };
		00E356F21AD99517003FC87E /* neo_appTests.m */ = {isa = PBXFileReference; lastKnownFileType = sourcecode.c.objc; path = neo_appTests.m; sourceTree = "<group>"; };
		13B07F961A680F5B00A75B9A /* neo_app.app */ = {isa = PBXFileReference; explicitFileType = wrapper.application; includeInIndex = 0; path = neo_app.app; sourceTree = BUILT_PRODUCTS_DIR; };
		13B07FAF1A68108700A75B9A /* AppDelegate.h */ = {isa = PBXFileReference; fileEncoding = 4; lastKnownFileType = sourcecode.c.h; name = AppDelegate.h; path = neo_app/AppDelegate.h; sourceTree = "<group>"; };
		13B07FB01A68108700A75B9A /* AppDelegate.mm */ = {isa = PBXFileReference; fileEncoding = 4; lastKnownFileType = sourcecode.cpp.objcpp; name = AppDelegate.mm; path = neo_app/AppDelegate.mm; sourceTree = "<group>"; };
		13B07FB51A68108700A75B9A /* Images.xcassets */ = {isa = PBXFileReference; lastKnownFileType = folder.assetcatalog; name = Images.xcassets; path = neo_app/Images.xcassets; sourceTree = "<group>"; };
		13B07FB61A68108700A75B9A /* Info.plist */ = {isa = PBXFileReference; fileEncoding = 4; lastKnownFileType = text.plist.xml; name = Info.plist; path = neo_app/Info.plist; sourceTree = "<group>"; };
		13B07FB71A68108700A75B9A /* main.m */ = {isa = PBXFileReference; fileEncoding = 4; lastKnownFileType = sourcecode.c.objc; name = main.m; path = neo_app/main.m; sourceTree = "<group>"; };
		13B07FB81A68108700A75B9A /* PrivacyInfo.xcprivacy */ = {isa = PBXFileReference; fileEncoding = 4; lastKnownFileType = text.plist.xml; name = PrivacyInfo.xcprivacy; path = neo_app/PrivacyInfo.xcprivacy; sourceTree = "<group>"; };
		1775309C2C2AAD0700AC1DB4 /* AntDesign.ttf */ = {isa = PBXFileReference; lastKnownFileType = file; path = AntDesign.ttf; sourceTree = "<group>"; };
		1775309D2C2AAD0700AC1DB4 /* Entypo.ttf */ = {isa = PBXFileReference; lastKnownFileType = file; path = Entypo.ttf; sourceTree = "<group>"; };
		1775309E2C2AAD0700AC1DB4 /* EvilIcons.ttf */ = {isa = PBXFileReference; lastKnownFileType = file; path = EvilIcons.ttf; sourceTree = "<group>"; };
		1775309F2C2AAD0700AC1DB4 /* Feather.ttf */ = {isa = PBXFileReference; lastKnownFileType = file; path = Feather.ttf; sourceTree = "<group>"; };
		177530A02C2AAD0700AC1DB4 /* FontAwesome.ttf */ = {isa = PBXFileReference; lastKnownFileType = file; path = FontAwesome.ttf; sourceTree = "<group>"; };
		177530A12C2AAD0700AC1DB4 /* FontAwesome5_Brands.ttf */ = {isa = PBXFileReference; lastKnownFileType = file; path = FontAwesome5_Brands.ttf; sourceTree = "<group>"; };
		177530A22C2AAD0700AC1DB4 /* FontAwesome5_Regular.ttf */ = {isa = PBXFileReference; lastKnownFileType = file; path = FontAwesome5_Regular.ttf; sourceTree = "<group>"; };
		177530A32C2AAD0700AC1DB4 /* FontAwesome5_Solid.ttf */ = {isa = PBXFileReference; lastKnownFileType = file; path = FontAwesome5_Solid.ttf; sourceTree = "<group>"; };
		177530A42C2AAD0700AC1DB4 /* Fontisto.ttf */ = {isa = PBXFileReference; lastKnownFileType = file; path = Fontisto.ttf; sourceTree = "<group>"; };
		177530A52C2AAD0700AC1DB4 /* Foundation.ttf */ = {isa = PBXFileReference; lastKnownFileType = file; path = Foundation.ttf; sourceTree = "<group>"; };
		177530A62C2AAD0700AC1DB4 /* Ionicons.ttf */ = {isa = PBXFileReference; lastKnownFileType = file; path = Ionicons.ttf; sourceTree = "<group>"; };
		177530A72C2AAD0700AC1DB4 /* MaterialCommunityIcons.ttf */ = {isa = PBXFileReference; lastKnownFileType = file; path = MaterialCommunityIcons.ttf; sourceTree = "<group>"; };
		177530A82C2AAD0700AC1DB4 /* MaterialIcons.ttf */ = {isa = PBXFileReference; lastKnownFileType = file; path = MaterialIcons.ttf; sourceTree = "<group>"; };
		177530A92C2AAD0700AC1DB4 /* Octicons.ttf */ = {isa = PBXFileReference; lastKnownFileType = file; path = Octicons.ttf; sourceTree = "<group>"; };
		177530AA2C2AAD0700AC1DB4 /* SimpleLineIcons.ttf */ = {isa = PBXFileReference; lastKnownFileType = file; path = SimpleLineIcons.ttf; sourceTree = "<group>"; };
		177530AB2C2AAD0700AC1DB4 /* Zocial.ttf */ = {isa = PBXFileReference; lastKnownFileType = file; path = Zocial.ttf; sourceTree = "<group>"; };
		19F6CBCC0A4E27FBF8BF4A61 /* libPods-neo_app-neo_appTests.a */ = {isa = PBXFileReference; explicitFileType = archive.ar; includeInIndex = 0; path = "libPods-neo_app-neo_appTests.a"; sourceTree = BUILT_PRODUCTS_DIR; };
		3B4392A12AC88292D35C810B /* Pods-neo_app.debug.xcconfig */ = {isa = PBXFileReference; includeInIndex = 1; lastKnownFileType = text.xcconfig; name = "Pods-neo_app.debug.xcconfig"; path = "Target Support Files/Pods-neo_app/Pods-neo_app.debug.xcconfig"; sourceTree = "<group>"; };
		5709B34CF0A7D63546082F79 /* Pods-neo_app.release.xcconfig */ = {isa = PBXFileReference; includeInIndex = 1; lastKnownFileType = text.xcconfig; name = "Pods-neo_app.release.xcconfig"; path = "Target Support Files/Pods-neo_app/Pods-neo_app.release.xcconfig"; sourceTree = "<group>"; };
		5B7EB9410499542E8C5724F5 /* Pods-neo_app-neo_appTests.debug.xcconfig */ = {isa = PBXFileReference; includeInIndex = 1; lastKnownFileType = text.xcconfig; name = "Pods-neo_app-neo_appTests.debug.xcconfig"; path = "Target Support Files/Pods-neo_app-neo_appTests/Pods-neo_app-neo_appTests.debug.xcconfig"; sourceTree = "<group>"; };
		5DCACB8F33CDC322A6C60F78 /* libPods-neo_app.a */ = {isa = PBXFileReference; explicitFileType = archive.ar; includeInIndex = 0; path = "libPods-neo_app.a"; sourceTree = BUILT_PRODUCTS_DIR; };
		7C25B8EF11542F29F4CA267B /* PrivacyInfo.xcprivacy */ = {isa = PBXFileReference; includeInIndex = 1; lastKnownFileType = text.xml; name = PrivacyInfo.xcprivacy; path = neo_app/PrivacyInfo.xcprivacy; sourceTree = "<group>"; };
		81AB9BB72411601600AC10FF /* LaunchScreen.storyboard */ = {isa = PBXFileReference; fileEncoding = 4; lastKnownFileType = file.storyboard; name = LaunchScreen.storyboard; path = neo_app/LaunchScreen.storyboard; sourceTree = "<group>"; };
		89C6BE57DB24E9ADA2F236DE /* Pods-neo_app-neo_appTests.release.xcconfig */ = {isa = PBXFileReference; includeInIndex = 1; lastKnownFileType = text.xcconfig; name = "Pods-neo_app-neo_appTests.release.xcconfig"; path = "Target Support Files/Pods-neo_app-neo_appTests/Pods-neo_app-neo_appTests.release.xcconfig"; sourceTree = "<group>"; };
		ED297162215061F000B7C4FE /* JavaScriptCore.framework */ = {isa = PBXFileReference; lastKnownFileType = wrapper.framework; name = JavaScriptCore.framework; path = System/Library/Frameworks/JavaScriptCore.framework; sourceTree = SDKROOT; };
		21391609E2D442149614D4FB /* Barlow-Black.ttf */ = {isa = PBXFileReference; name = "Barlow-Black.ttf"; path = "../assets/fonts/Barlow-Black.ttf"; sourceTree = "<group>"; fileEncoding = undefined; lastKnownFileType = unknown; explicitFileType = undefined; includeInIndex = 0; };
		F1037096D0F64DCD86DEC169 /* Barlow-BlackItalic.ttf */ = {isa = PBXFileReference; name = "Barlow-BlackItalic.ttf"; path = "../assets/fonts/Barlow-BlackItalic.ttf"; sourceTree = "<group>"; fileEncoding = undefined; lastKnownFileType = unknown; explicitFileType = undefined; includeInIndex = 0; };
		8F17615999AC42DD80F2BDAA /* Barlow-Bold.ttf */ = {isa = PBXFileReference; name = "Barlow-Bold.ttf"; path = "../assets/fonts/Barlow-Bold.ttf"; sourceTree = "<group>"; fileEncoding = undefined; lastKnownFileType = unknown; explicitFileType = undefined; includeInIndex = 0; };
		DDDB85E809FB491EAAC8EBEF /* Barlow-BoldItalic.ttf */ = {isa = PBXFileReference; name = "Barlow-BoldItalic.ttf"; path = "../assets/fonts/Barlow-BoldItalic.ttf"; sourceTree = "<group>"; fileEncoding = undefined; lastKnownFileType = unknown; explicitFileType = undefined; includeInIndex = 0; };
		DABF4BC4FD7A432BBDD9EC7F /* Barlow-ExtraBold.ttf */ = {isa = PBXFileReference; name = "Barlow-ExtraBold.ttf"; path = "../assets/fonts/Barlow-ExtraBold.ttf"; sourceTree = "<group>"; fileEncoding = undefined; lastKnownFileType = unknown; explicitFileType = undefined; includeInIndex = 0; };
		0458598EA01C413AA1F0C948 /* Barlow-ExtraBoldItalic.ttf */ = {isa = PBXFileReference; name = "Barlow-ExtraBoldItalic.ttf"; path = "../assets/fonts/Barlow-ExtraBoldItalic.ttf"; sourceTree = "<group>"; fileEncoding = undefined; lastKnownFileType = unknown; explicitFileType = undefined; includeInIndex = 0; };
		9FB95E375EC346B392697FCC /* Barlow-ExtraLight.ttf */ = {isa = PBXFileReference; name = "Barlow-ExtraLight.ttf"; path = "../assets/fonts/Barlow-ExtraLight.ttf"; sourceTree = "<group>"; fileEncoding = undefined; lastKnownFileType = unknown; explicitFileType = undefined; includeInIndex = 0; };
		BA945721EDF34356AE6C1F1C /* Barlow-ExtraLightItalic.ttf */ = {isa = PBXFileReference; name = "Barlow-ExtraLightItalic.ttf"; path = "../assets/fonts/Barlow-ExtraLightItalic.ttf"; sourceTree = "<group>"; fileEncoding = undefined; lastKnownFileType = unknown; explicitFileType = undefined; includeInIndex = 0; };
		CF5EE5735285449EABDCE805 /* Barlow-Italic.ttf */ = {isa = PBXFileReference; name = "Barlow-Italic.ttf"; path = "../assets/fonts/Barlow-Italic.ttf"; sourceTree = "<group>"; fileEncoding = undefined; lastKnownFileType = unknown; explicitFileType = undefined; includeInIndex = 0; };
		52FBFDEEB47B473CA4A95DE3 /* Barlow-Light.ttf */ = {isa = PBXFileReference; name = "Barlow-Light.ttf"; path = "../assets/fonts/Barlow-Light.ttf"; sourceTree = "<group>"; fileEncoding = undefined; lastKnownFileType = unknown; explicitFileType = undefined; includeInIndex = 0; };
		1C297059ACFF44EBAF18107A /* Barlow-LightItalic.ttf */ = {isa = PBXFileReference; name = "Barlow-LightItalic.ttf"; path = "../assets/fonts/Barlow-LightItalic.ttf"; sourceTree = "<group>"; fileEncoding = undefined; lastKnownFileType = unknown; explicitFileType = undefined; includeInIndex = 0; };
		655C24F9727140ADA79B77EF /* Barlow-Medium.ttf */ = {isa = PBXFileReference; name = "Barlow-Medium.ttf"; path = "../assets/fonts/Barlow-Medium.ttf"; sourceTree = "<group>"; fileEncoding = undefined; lastKnownFileType = unknown; explicitFileType = undefined; includeInIndex = 0; };
		59BD0EAAC3F0426A92331774 /* Barlow-MediumItalic.ttf */ = {isa = PBXFileReference; name = "Barlow-MediumItalic.ttf"; path = "../assets/fonts/Barlow-MediumItalic.ttf"; sourceTree = "<group>"; fileEncoding = undefined; lastKnownFileType = unknown; explicitFileType = undefined; includeInIndex = 0; };
		11C8523B74B741E590B5872B /* Barlow-Regular.ttf */ = {isa = PBXFileReference; name = "Barlow-Regular.ttf"; path = "../assets/fonts/Barlow-Regular.ttf"; sourceTree = "<group>"; fileEncoding = undefined; lastKnownFileType = unknown; explicitFileType = undefined; includeInIndex = 0; };
		3D876D231B104981B4830487 /* Barlow-SemiBold.ttf */ = {isa = PBXFileReference; name = "Barlow-SemiBold.ttf"; path = "../assets/fonts/Barlow-SemiBold.ttf"; sourceTree = "<group>"; fileEncoding = undefined; lastKnownFileType = unknown; explicitFileType = undefined; includeInIndex = 0; };
		0CFC8201E1E34181BC0223EB /* Barlow-SemiBoldItalic.ttf */ = {isa = PBXFileReference; name = "Barlow-SemiBoldItalic.ttf"; path = "../assets/fonts/Barlow-SemiBoldItalic.ttf"; sourceTree = "<group>"; fileEncoding = undefined; lastKnownFileType = unknown; explicitFileType = undefined; includeInIndex = 0; };
		B97D8A49834C4F128904C46A /* Barlow-Thin.ttf */ = {isa = PBXFileReference; name = "Barlow-Thin.ttf"; path = "../assets/fonts/Barlow-Thin.ttf"; sourceTree = "<group>"; fileEncoding = undefined; lastKnownFileType = unknown; explicitFileType = undefined; includeInIndex = 0; };
		6DF0B573E9694C8EB1CED869 /* Barlow-ThinItalic.ttf */ = {isa = PBXFileReference; name = "Barlow-ThinItalic.ttf"; path = "../assets/fonts/Barlow-ThinItalic.ttf"; sourceTree = "<group>"; fileEncoding = undefined; lastKnownFileType = unknown; explicitFileType = undefined; includeInIndex = 0; };
		1A0941E24E03455A965279E4 /* Poppins-Black.ttf */ = {isa = PBXFileReference; name = "Poppins-Black.ttf"; path = "../assets/fonts/Poppins-Black.ttf"; sourceTree = "<group>"; fileEncoding = undefined; lastKnownFileType = unknown; explicitFileType = undefined; includeInIndex = 0; };
		BC1C6B4E2092479A85D056E2 /* Poppins-BlackItalic.ttf */ = {isa = PBXFileReference; name = "Poppins-BlackItalic.ttf"; path = "../assets/fonts/Poppins-BlackItalic.ttf"; sourceTree = "<group>"; fileEncoding = undefined; lastKnownFileType = unknown; explicitFileType = undefined; includeInIndex = 0; };
		6FCD8DA139EF4DD795D3A205 /* Poppins-Bold.ttf */ = {isa = PBXFileReference; name = "Poppins-Bold.ttf"; path = "../assets/fonts/Poppins-Bold.ttf"; sourceTree = "<group>"; fileEncoding = undefined; lastKnownFileType = unknown; explicitFileType = undefined; includeInIndex = 0; };
		5D2BA98F3D4E4A8793B46E0C /* Poppins-BoldItalic.ttf */ = {isa = PBXFileReference; name = "Poppins-BoldItalic.ttf"; path = "../assets/fonts/Poppins-BoldItalic.ttf"; sourceTree = "<group>"; fileEncoding = undefined; lastKnownFileType = unknown; explicitFileType = undefined; includeInIndex = 0; };
		9335556FD0684E4F96C93ED5 /* Poppins-ExtraBold.ttf */ = {isa = PBXFileReference; name = "Poppins-ExtraBold.ttf"; path = "../assets/fonts/Poppins-ExtraBold.ttf"; sourceTree = "<group>"; fileEncoding = undefined; lastKnownFileType = unknown; explicitFileType = undefined; includeInIndex = 0; };
		9EABA2695B8E43F4AA746B62 /* Poppins-ExtraBoldItalic.ttf */ = {isa = PBXFileReference; name = "Poppins-ExtraBoldItalic.ttf"; path = "../assets/fonts/Poppins-ExtraBoldItalic.ttf"; sourceTree = "<group>"; fileEncoding = undefined; lastKnownFileType = unknown; explicitFileType = undefined; includeInIndex = 0; };
		1DBFB2BC6A9043C290E5B061 /* Poppins-ExtraLight.ttf */ = {isa = PBXFileReference; name = "Poppins-ExtraLight.ttf"; path = "../assets/fonts/Poppins-ExtraLight.ttf"; sourceTree = "<group>"; fileEncoding = undefined; lastKnownFileType = unknown; explicitFileType = undefined; includeInIndex = 0; };
		A497B997B4C54B9C8F332CC3 /* Poppins-ExtraLightItalic.ttf */ = {isa = PBXFileReference; name = "Poppins-ExtraLightItalic.ttf"; path = "../assets/fonts/Poppins-ExtraLightItalic.ttf"; sourceTree = "<group>"; fileEncoding = undefined; lastKnownFileType = unknown; explicitFileType = undefined; includeInIndex = 0; };
		613E462D644747F9B6F44C9A /* Poppins-Italic.ttf */ = {isa = PBXFileReference; name = "Poppins-Italic.ttf"; path = "../assets/fonts/Poppins-Italic.ttf"; sourceTree = "<group>"; fileEncoding = undefined; lastKnownFileType = unknown; explicitFileType = undefined; includeInIndex = 0; };
		AC32C0E9E6884A6BA9196211 /* Poppins-Light.ttf */ = {isa = PBXFileReference; name = "Poppins-Light.ttf"; path = "../assets/fonts/Poppins-Light.ttf"; sourceTree = "<group>"; fileEncoding = undefined; lastKnownFileType = unknown; explicitFileType = undefined; includeInIndex = 0; };
		3046BF729A3F48839153AA1A /* Poppins-LightItalic.ttf */ = {isa = PBXFileReference; name = "Poppins-LightItalic.ttf"; path = "../assets/fonts/Poppins-LightItalic.ttf"; sourceTree = "<group>"; fileEncoding = undefined; lastKnownFileType = unknown; explicitFileType = undefined; includeInIndex = 0; };
		7F88A170DEEF4403B44D311D /* Poppins-Medium.ttf */ = {isa = PBXFileReference; name = "Poppins-Medium.ttf"; path = "../assets/fonts/Poppins-Medium.ttf"; sourceTree = "<group>"; fileEncoding = undefined; lastKnownFileType = unknown; explicitFileType = undefined; includeInIndex = 0; };
		3EB270E518BD4099B4F75D83 /* Poppins-MediumItalic.ttf */ = {isa = PBXFileReference; name = "Poppins-MediumItalic.ttf"; path = "../assets/fonts/Poppins-MediumItalic.ttf"; sourceTree = "<group>"; fileEncoding = undefined; lastKnownFileType = unknown; explicitFileType = undefined; includeInIndex = 0; };
		CC8DFED195EE404D854E61FD /* Poppins-Regular.ttf */ = {isa = PBXFileReference; name = "Poppins-Regular.ttf"; path = "../assets/fonts/Poppins-Regular.ttf"; sourceTree = "<group>"; fileEncoding = undefined; lastKnownFileType = unknown; explicitFileType = undefined; includeInIndex = 0; };
		BD806AFEA00C4F08A763724B /* Poppins-SemiBold.ttf */ = {isa = PBXFileReference; name = "Poppins-SemiBold.ttf"; path = "../assets/fonts/Poppins-SemiBold.ttf"; sourceTree = "<group>"; fileEncoding = undefined; lastKnownFileType = unknown; explicitFileType = undefined; includeInIndex = 0; };
		192D3A88F2784E2B920E7682 /* Poppins-SemiBoldItalic.ttf */ = {isa = PBXFileReference; name = "Poppins-SemiBoldItalic.ttf"; path = "../assets/fonts/Poppins-SemiBoldItalic.ttf"; sourceTree = "<group>"; fileEncoding = undefined; lastKnownFileType = unknown; explicitFileType = undefined; includeInIndex = 0; };
		4EC4516D9DF242A9808C60C9 /* Poppins-Thin.ttf */ = {isa = PBXFileReference; name = "Poppins-Thin.ttf"; path = "../assets/fonts/Poppins-Thin.ttf"; sourceTree = "<group>"; fileEncoding = undefined; lastKnownFileType = unknown; explicitFileType = undefined; includeInIndex = 0; };
		FA1C90AA46B2402B9A26F8BD /* Poppins-ThinItalic.ttf */ = {isa = PBXFileReference; name = "Poppins-ThinItalic.ttf"; path = "../assets/fonts/Poppins-ThinItalic.ttf"; sourceTree = "<group>"; fileEncoding = undefined; lastKnownFileType = unknown; explicitFileType = undefined; includeInIndex = 0; };
		855F6C299597403F8EC53447 /* OFL.txt */ = {isa = PBXFileReference; name = "OFL.txt"; path = "../assets/fonts/OFL.txt"; sourceTree = "<group>"; fileEncoding = undefined; lastKnownFileType = unknown; explicitFileType = undefined; includeInIndex = 0; };
		65C377B95FEF49D290AD3932 /* AntDesign.ttf */ = {isa = PBXFileReference; name = "AntDesign.ttf"; path = "../node_modules/react-native-vector-icons/Fonts/AntDesign.ttf"; sourceTree = "<group>"; fileEncoding = undefined; lastKnownFileType = unknown; explicitFileType = undefined; includeInIndex = 0; };
		CAD2B55D37A24B3D82C01DD6 /* Entypo.ttf */ = {isa = PBXFileReference; name = "Entypo.ttf"; path = "../node_modules/react-native-vector-icons/Fonts/Entypo.ttf"; sourceTree = "<group>"; fileEncoding = undefined; lastKnownFileType = unknown; explicitFileType = undefined; includeInIndex = 0; };
		CF87D3D50F82480DACA5E5F2 /* EvilIcons.ttf */ = {isa = PBXFileReference; name = "EvilIcons.ttf"; path = "../node_modules/react-native-vector-icons/Fonts/EvilIcons.ttf"; sourceTree = "<group>"; fileEncoding = undefined; lastKnownFileType = unknown; explicitFileType = undefined; includeInIndex = 0; };
		89FD651DDE9347B0B8AE7961 /* Feather.ttf */ = {isa = PBXFileReference; name = "Feather.ttf"; path = "../node_modules/react-native-vector-icons/Fonts/Feather.ttf"; sourceTree = "<group>"; fileEncoding = undefined; lastKnownFileType = unknown; explicitFileType = undefined; includeInIndex = 0; };
		82E318BF5A7E435C8518B764 /* FontAwesome.ttf */ = {isa = PBXFileReference; name = "FontAwesome.ttf"; path = "../node_modules/react-native-vector-icons/Fonts/FontAwesome.ttf"; sourceTree = "<group>"; fileEncoding = undefined; lastKnownFileType = unknown; explicitFileType = undefined; includeInIndex = 0; };
		275F9DDD52184FB9A3173713 /* FontAwesome5_Brands.ttf */ = {isa = PBXFileReference; name = "FontAwesome5_Brands.ttf"; path = "../node_modules/react-native-vector-icons/Fonts/FontAwesome5_Brands.ttf"; sourceTree = "<group>"; fileEncoding = undefined; lastKnownFileType = unknown; explicitFileType = undefined; includeInIndex = 0; };
		48694DE290B944B58A89B003 /* FontAwesome5_Regular.ttf */ = {isa = PBXFileReference; name = "FontAwesome5_Regular.ttf"; path = "../node_modules/react-native-vector-icons/Fonts/FontAwesome5_Regular.ttf"; sourceTree = "<group>"; fileEncoding = undefined; lastKnownFileType = unknown; explicitFileType = undefined; includeInIndex = 0; };
		7476355BE1B645B19FE66127 /* FontAwesome5_Solid.ttf */ = {isa = PBXFileReference; name = "FontAwesome5_Solid.ttf"; path = "../node_modules/react-native-vector-icons/Fonts/FontAwesome5_Solid.ttf"; sourceTree = "<group>"; fileEncoding = undefined; lastKnownFileType = unknown; explicitFileType = undefined; includeInIndex = 0; };
		C79F91941BC94A8FB825AE2C /* Fontisto.ttf */ = {isa = PBXFileReference; name = "Fontisto.ttf"; path = "../node_modules/react-native-vector-icons/Fonts/Fontisto.ttf"; sourceTree = "<group>"; fileEncoding = undefined; lastKnownFileType = unknown; explicitFileType = undefined; includeInIndex = 0; };
		27BC9261878F470989D02B0B /* Foundation.ttf */ = {isa = PBXFileReference; name = "Foundation.ttf"; path = "../node_modules/react-native-vector-icons/Fonts/Foundation.ttf"; sourceTree = "<group>"; fileEncoding = undefined; lastKnownFileType = unknown; explicitFileType = undefined; includeInIndex = 0; };
		C274B374EADD46F1B1BCD0CC /* Ionicons.ttf */ = {isa = PBXFileReference; name = "Ionicons.ttf"; path = "../node_modules/react-native-vector-icons/Fonts/Ionicons.ttf"; sourceTree = "<group>"; fileEncoding = undefined; lastKnownFileType = unknown; explicitFileType = undefined; includeInIndex = 0; };
		91BDC1588B714EE29D84BE15 /* MaterialCommunityIcons.ttf */ = {isa = PBXFileReference; name = "MaterialCommunityIcons.ttf"; path = "../node_modules/react-native-vector-icons/Fonts/MaterialCommunityIcons.ttf"; sourceTree = "<group>"; fileEncoding = undefined; lastKnownFileType = unknown; explicitFileType = undefined; includeInIndex = 0; };
		CA0317FD5D7848EC83F67D3E /* MaterialIcons.ttf */ = {isa = PBXFileReference; name = "MaterialIcons.ttf"; path = "../node_modules/react-native-vector-icons/Fonts/MaterialIcons.ttf"; sourceTree = "<group>"; fileEncoding = undefined; lastKnownFileType = unknown; explicitFileType = undefined; includeInIndex = 0; };
		22BF53411D864C1EADF56A99 /* Octicons.ttf */ = {isa = PBXFileReference; name = "Octicons.ttf"; path = "../node_modules/react-native-vector-icons/Fonts/Octicons.ttf"; sourceTree = "<group>"; fileEncoding = undefined; lastKnownFileType = unknown; explicitFileType = undefined; includeInIndex = 0; };
		635BB644316C429C8242996C /* SimpleLineIcons.ttf */ = {isa = PBXFileReference; name = "SimpleLineIcons.ttf"; path = "../node_modules/react-native-vector-icons/Fonts/SimpleLineIcons.ttf"; sourceTree = "<group>"; fileEncoding = undefined; lastKnownFileType = unknown; explicitFileType = undefined; includeInIndex = 0; };
		8DCDCEBDBE8A49E7AC948982 /* Zocial.ttf */ = {isa = PBXFileReference; name = "Zocial.ttf"; path = "../node_modules/react-native-vector-icons/Fonts/Zocial.ttf"; sourceTree = "<group>"; fileEncoding = undefined; lastKnownFileType = unknown; explicitFileType = undefined; includeInIndex = 0; };
/* End PBXFileReference section */

/* Begin PBXFrameworksBuildPhase section */
		00E356EB1AD99517003FC87E /* Frameworks */ = {
			isa = PBXFrameworksBuildPhase;
			buildActionMask = 2147483647;
			files = (
				7699B88040F8A987B510C191 /* libPods-neo_app-neo_appTests.a in Frameworks */,
			);
			runOnlyForDeploymentPostprocessing = 0;
		};
		13B07F8C1A680F5B00A75B9A /* Frameworks */ = {
			isa = PBXFrameworksBuildPhase;
			buildActionMask = 2147483647;
			files = (
				0C80B921A6F3F58F76C31292 /* libPods-neo_app.a in Frameworks */,
			);
			runOnlyForDeploymentPostprocessing = 0;
		};
/* End PBXFrameworksBuildPhase section */

/* Begin PBXGroup section */
		00E356EF1AD99517003FC87E /* neo_appTests */ = {
			isa = PBXGroup;
			children = (
				00E356F21AD99517003FC87E /* neo_appTests.m */,
				00E356F01AD99517003FC87E /* Supporting Files */,
			);
			path = neo_appTests;
			sourceTree = "<group>";
		};
		00E356F01AD99517003FC87E /* Supporting Files */ = {
			isa = PBXGroup;
			children = (
				00E356F11AD99517003FC87E /* Info.plist */,
			);
			name = "Supporting Files";
			sourceTree = "<group>";
		};
		13B07FAE1A68108700A75B9A /* neo_app */ = {
			isa = PBXGroup;
			children = (
				177530AC2C2AAD0700AC1DB4 /* Fonts */,
				13B07FAF1A68108700A75B9A /* AppDelegate.h */,
				13B07FB01A68108700A75B9A /* AppDelegate.mm */,
				13B07FB51A68108700A75B9A /* Images.xcassets */,
				13B07FB61A68108700A75B9A /* Info.plist */,
				81AB9BB72411601600AC10FF /* LaunchScreen.storyboard */,
				13B07FB71A68108700A75B9A /* main.m */,
				13B07FB81A68108700A75B9A /* PrivacyInfo.xcprivacy */,
				7C25B8EF11542F29F4CA267B /* PrivacyInfo.xcprivacy */,
			);
			name = neo_app;
			sourceTree = "<group>";
		};
		177530AC2C2AAD0700AC1DB4 /* Fonts */ = {
			isa = PBXGroup;
			children = (
				1775309C2C2AAD0700AC1DB4 /* AntDesign.ttf */,
				1775309D2C2AAD0700AC1DB4 /* Entypo.ttf */,
				1775309E2C2AAD0700AC1DB4 /* EvilIcons.ttf */,
				1775309F2C2AAD0700AC1DB4 /* Feather.ttf */,
				177530A02C2AAD0700AC1DB4 /* FontAwesome.ttf */,
				177530A12C2AAD0700AC1DB4 /* FontAwesome5_Brands.ttf */,
				177530A22C2AAD0700AC1DB4 /* FontAwesome5_Regular.ttf */,
				177530A32C2AAD0700AC1DB4 /* FontAwesome5_Solid.ttf */,
				177530A42C2AAD0700AC1DB4 /* Fontisto.ttf */,
				177530A52C2AAD0700AC1DB4 /* Foundation.ttf */,
				177530A62C2AAD0700AC1DB4 /* Ionicons.ttf */,
				177530A72C2AAD0700AC1DB4 /* MaterialCommunityIcons.ttf */,
				177530A82C2AAD0700AC1DB4 /* MaterialIcons.ttf */,
				177530A92C2AAD0700AC1DB4 /* Octicons.ttf */,
				177530AA2C2AAD0700AC1DB4 /* SimpleLineIcons.ttf */,
				177530AB2C2AAD0700AC1DB4 /* Zocial.ttf */,
			);
			name = Fonts;
			path = "../node_modules/react-native-vector-icons/Fonts";
			sourceTree = "<group>";
		};
		2D16E6871FA4F8E400B85C8A /* Frameworks */ = {
			isa = PBXGroup;
			children = (
				ED297162215061F000B7C4FE /* JavaScriptCore.framework */,
				5DCACB8F33CDC322A6C60F78 /* libPods-neo_app.a */,
				19F6CBCC0A4E27FBF8BF4A61 /* libPods-neo_app-neo_appTests.a */,
			);
			name = Frameworks;
			sourceTree = "<group>";
		};
		832341AE1AAA6A7D00B99B32 /* Libraries */ = {
			isa = PBXGroup;
			children = (
			);
			name = Libraries;
			sourceTree = "<group>";
		};
		83CBB9F61A601CBA00E9B192 = {
			isa = PBXGroup;
			children = (
				13B07FAE1A68108700A75B9A /* neo_app */,
				832341AE1AAA6A7D00B99B32 /* Libraries */,
				00E356EF1AD99517003FC87E /* neo_appTests */,
				83CBBA001A601CBA00E9B192 /* Products */,
				2D16E6871FA4F8E400B85C8A /* Frameworks */,
				BBD78D7AC51CEA395F1C20DB /* Pods */,
				73471BC875324CC092EA3786 /* Resources */,
			);
			indentWidth = 2;
			sourceTree = "<group>";
			tabWidth = 2;
			usesTabs = 0;
		};
		83CBBA001A601CBA00E9B192 /* Products */ = {
			isa = PBXGroup;
			children = (
				13B07F961A680F5B00A75B9A /* neo_app.app */,
				00E356EE1AD99517003FC87E /* neo_appTests.xctest */,
			);
			name = Products;
			sourceTree = "<group>";
		};
		BBD78D7AC51CEA395F1C20DB /* Pods */ = {
			isa = PBXGroup;
			children = (
				3B4392A12AC88292D35C810B /* Pods-neo_app.debug.xcconfig */,
				5709B34CF0A7D63546082F79 /* Pods-neo_app.release.xcconfig */,
				5B7EB9410499542E8C5724F5 /* Pods-neo_app-neo_appTests.debug.xcconfig */,
				89C6BE57DB24E9ADA2F236DE /* Pods-neo_app-neo_appTests.release.xcconfig */,
			);
			path = Pods;
			sourceTree = "<group>";
		};
		73471BC875324CC092EA3786 /* Resources */ = {
			isa = "PBXGroup";
			children = (
				21391609E2D442149614D4FB /* Barlow-Black.ttf */,
				F1037096D0F64DCD86DEC169 /* Barlow-BlackItalic.ttf */,
				8F17615999AC42DD80F2BDAA /* Barlow-Bold.ttf */,
				DDDB85E809FB491EAAC8EBEF /* Barlow-BoldItalic.ttf */,
				DABF4BC4FD7A432BBDD9EC7F /* Barlow-ExtraBold.ttf */,
				0458598EA01C413AA1F0C948 /* Barlow-ExtraBoldItalic.ttf */,
				9FB95E375EC346B392697FCC /* Barlow-ExtraLight.ttf */,
				BA945721EDF34356AE6C1F1C /* Barlow-ExtraLightItalic.ttf */,
				CF5EE5735285449EABDCE805 /* Barlow-Italic.ttf */,
				52FBFDEEB47B473CA4A95DE3 /* Barlow-Light.ttf */,
				1C297059ACFF44EBAF18107A /* Barlow-LightItalic.ttf */,
				655C24F9727140ADA79B77EF /* Barlow-Medium.ttf */,
				59BD0EAAC3F0426A92331774 /* Barlow-MediumItalic.ttf */,
				11C8523B74B741E590B5872B /* Barlow-Regular.ttf */,
				3D876D231B104981B4830487 /* Barlow-SemiBold.ttf */,
				0CFC8201E1E34181BC0223EB /* Barlow-SemiBoldItalic.ttf */,
				B97D8A49834C4F128904C46A /* Barlow-Thin.ttf */,
				6DF0B573E9694C8EB1CED869 /* Barlow-ThinItalic.ttf */,
				1A0941E24E03455A965279E4 /* Poppins-Black.ttf */,
				BC1C6B4E2092479A85D056E2 /* Poppins-BlackItalic.ttf */,
				6FCD8DA139EF4DD795D3A205 /* Poppins-Bold.ttf */,
				5D2BA98F3D4E4A8793B46E0C /* Poppins-BoldItalic.ttf */,
				9335556FD0684E4F96C93ED5 /* Poppins-ExtraBold.ttf */,
				9EABA2695B8E43F4AA746B62 /* Poppins-ExtraBoldItalic.ttf */,
				1DBFB2BC6A9043C290E5B061 /* Poppins-ExtraLight.ttf */,
				A497B997B4C54B9C8F332CC3 /* Poppins-ExtraLightItalic.ttf */,
				613E462D644747F9B6F44C9A /* Poppins-Italic.ttf */,
				AC32C0E9E6884A6BA9196211 /* Poppins-Light.ttf */,
				3046BF729A3F48839153AA1A /* Poppins-LightItalic.ttf */,
				7F88A170DEEF4403B44D311D /* Poppins-Medium.ttf */,
				3EB270E518BD4099B4F75D83 /* Poppins-MediumItalic.ttf */,
				CC8DFED195EE404D854E61FD /* Poppins-Regular.ttf */,
				BD806AFEA00C4F08A763724B /* Poppins-SemiBold.ttf */,
				192D3A88F2784E2B920E7682 /* Poppins-SemiBoldItalic.ttf */,
				4EC4516D9DF242A9808C60C9 /* Poppins-Thin.ttf */,
				FA1C90AA46B2402B9A26F8BD /* Poppins-ThinItalic.ttf */,
				855F6C299597403F8EC53447 /* OFL.txt */,
				65C377B95FEF49D290AD3932 /* AntDesign.ttf */,
				CAD2B55D37A24B3D82C01DD6 /* Entypo.ttf */,
				CF87D3D50F82480DACA5E5F2 /* EvilIcons.ttf */,
				89FD651DDE9347B0B8AE7961 /* Feather.ttf */,
				82E318BF5A7E435C8518B764 /* FontAwesome.ttf */,
				275F9DDD52184FB9A3173713 /* FontAwesome5_Brands.ttf */,
				48694DE290B944B58A89B003 /* FontAwesome5_Regular.ttf */,
				7476355BE1B645B19FE66127 /* FontAwesome5_Solid.ttf */,
				C79F91941BC94A8FB825AE2C /* Fontisto.ttf */,
				27BC9261878F470989D02B0B /* Foundation.ttf */,
				C274B374EADD46F1B1BCD0CC /* Ionicons.ttf */,
				91BDC1588B714EE29D84BE15 /* MaterialCommunityIcons.ttf */,
				CA0317FD5D7848EC83F67D3E /* MaterialIcons.ttf */,
				22BF53411D864C1EADF56A99 /* Octicons.ttf */,
				635BB644316C429C8242996C /* SimpleLineIcons.ttf */,
				8DCDCEBDBE8A49E7AC948982 /* Zocial.ttf */,
			);
			name = Resources;
			sourceTree = "<group>";
			path = "";
		};
/* End PBXGroup section */

/* Begin PBXNativeTarget section */
		00E356ED1AD99517003FC87E /* neo_appTests */ = {
			isa = PBXNativeTarget;
			buildConfigurationList = 00E357021AD99517003FC87E /* Build configuration list for PBXNativeTarget "neo_appTests" */;
			buildPhases = (
				A55EABD7B0C7F3A422A6CC61 /* [CP] Check Pods Manifest.lock */,
				00E356EA1AD99517003FC87E /* Sources */,
				00E356EB1AD99517003FC87E /* Frameworks */,
				00E356EC1AD99517003FC87E /* Resources */,
				C59DA0FBD6956966B86A3779 /* [CP] Embed Pods Frameworks */,
				F6A41C54EA430FDDC6A6ED99 /* [CP] Copy Pods Resources */,
			);
			buildRules = (
			);
			dependencies = (
				00E356F51AD99517003FC87E /* PBXTargetDependency */,
			);
			name = neo_appTests;
			productName = neo_appTests;
			productReference = 00E356EE1AD99517003FC87E /* neo_appTests.xctest */;
			productType = "com.apple.product-type.bundle.unit-test";
		};
		13B07F861A680F5B00A75B9A /* neo_app */ = {
			isa = PBXNativeTarget;
			buildConfigurationList = 13B07F931A680F5B00A75B9A /* Build configuration list for PBXNativeTarget "neo_app" */;
			buildPhases = (
				C38B50BA6285516D6DCD4F65 /* [CP] Check Pods Manifest.lock */,
				13B07F871A680F5B00A75B9A /* Sources */,
				13B07F8C1A680F5B00A75B9A /* Frameworks */,
				13B07F8E1A680F5B00A75B9A /* Resources */,
				00DD1BFF1BD5951E006B06BC /* Bundle React Native code and images */,
				00EEFC60759A1932668264C0 /* [CP] Embed Pods Frameworks */,
				E235C05ADACE081382539298 /* [CP] Copy Pods Resources */,
			);
			buildRules = (
			);
			dependencies = (
			);
			name = neo_app;
			productName = neo_app;
			productReference = 13B07F961A680F5B00A75B9A /* neo_app.app */;
			productType = "com.apple.product-type.application";
		};
/* End PBXNativeTarget section */

/* Begin PBXProject section */
		83CBB9F71A601CBA00E9B192 /* Project object */ = {
			isa = PBXProject;
			attributes = {
				LastUpgradeCheck = 1210;
				TargetAttributes = {
					00E356ED1AD99517003FC87E = {
						CreatedOnToolsVersion = 6.2;
						TestTargetID = 13B07F861A680F5B00A75B9A;
					};
					13B07F861A680F5B00A75B9A = {
						LastSwiftMigration = 1120;
					};
				};
			};
			buildConfigurationList = 83CBB9FA1A601CBA00E9B192 /* Build configuration list for PBXProject "neo_app" */;
			compatibilityVersion = "Xcode 12.0";
			developmentRegion = en;
			hasScannedForEncodings = 0;
			knownRegions = (
				en,
				Base,
			);
			mainGroup = 83CBB9F61A601CBA00E9B192;
			productRefGroup = 83CBBA001A601CBA00E9B192 /* Products */;
			projectDirPath = "";
			projectRoot = "";
			targets = (
				13B07F861A680F5B00A75B9A /* neo_app */,
				00E356ED1AD99517003FC87E /* neo_appTests */,
			);
		};
/* End PBXProject section */

/* Begin PBXResourcesBuildPhase section */
		00E356EC1AD99517003FC87E /* Resources */ = {
			isa = PBXResourcesBuildPhase;
			buildActionMask = 2147483647;
			files = (
			);
			runOnlyForDeploymentPostprocessing = 0;
		};
		13B07F8E1A680F5B00A75B9A /* Resources */ = {
			isa = PBXResourcesBuildPhase;
			buildActionMask = 2147483647;
			files = (
				81AB9BB82411601600AC10FF /* LaunchScreen.storyboard in Resources */,
				177530B82C2AAD0700AC1DB4 /* MaterialCommunityIcons.ttf in Resources */,
				177530BC2C2AAD0700AC1DB4 /* Zocial.ttf in Resources */,
				177530B02C2AAD0700AC1DB4 /* Feather.ttf in Resources */,
				177530B32C2AAD0700AC1DB4 /* FontAwesome5_Regular.ttf in Resources */,
				177530AF2C2AAD0700AC1DB4 /* EvilIcons.ttf in Resources */,
				177530BB2C2AAD0700AC1DB4 /* SimpleLineIcons.ttf in Resources */,
				177530BA2C2AAD0700AC1DB4 /* Octicons.ttf in Resources */,
				177530B22C2AAD0700AC1DB4 /* FontAwesome5_Brands.ttf in Resources */,
				177530B12C2AAD0700AC1DB4 /* FontAwesome.ttf in Resources */,
				177530B52C2AAD0700AC1DB4 /* Fontisto.ttf in Resources */,
				177530B92C2AAD0700AC1DB4 /* MaterialIcons.ttf in Resources */,
				13B07FBF1A68108700A75B9A /* Images.xcassets in Resources */,
				177530AD2C2AAD0700AC1DB4 /* AntDesign.ttf in Resources */,
				177530B62C2AAD0700AC1DB4 /* Foundation.ttf in Resources */,
				177530B72C2AAD0700AC1DB4 /* Ionicons.ttf in Resources */,
				177530AE2C2AAD0700AC1DB4 /* Entypo.ttf in Resources */,
				177530B42C2AAD0700AC1DB4 /* FontAwesome5_Solid.ttf in Resources */,
				734FD2F6187CB8C25261CB80 /* PrivacyInfo.xcprivacy in Resources */,
				4FC47882F49447218132C2F0 /* Barlow-Black.ttf in Resources */,
				7620FDE7CA3B40F88F5FA446 /* Barlow-BlackItalic.ttf in Resources */,
				A78FEAF857654C37A3A8B9F4 /* Barlow-Bold.ttf in Resources */,
				5AD47470E5034C06A5A87FB8 /* Barlow-BoldItalic.ttf in Resources */,
				579C58FFD8A7487D9B3C5457 /* Barlow-ExtraBold.ttf in Resources */,
				987A6CC0F2E14504A617F5D1 /* Barlow-ExtraBoldItalic.ttf in Resources */,
				CA47ABE063764B7A91705530 /* Barlow-ExtraLight.ttf in Resources */,
				E4D2F797E8634CA58317D550 /* Barlow-ExtraLightItalic.ttf in Resources */,
				F779AEABED53413B96D56320 /* Barlow-Italic.ttf in Resources */,
				DFF7A5F6C2B44A24BDD4726A /* Barlow-Light.ttf in Resources */,
				E1B02A3D8B7C46CDADD766ED /* Barlow-LightItalic.ttf in Resources */,
				8B63D0E5D7C740EC89E50B91 /* Barlow-Medium.ttf in Resources */,
				D6FE88473A2B4FA69195D72F /* Barlow-MediumItalic.ttf in Resources */,
				EEDF73079FC24AB1A5F05A3B /* Barlow-Regular.ttf in Resources */,
				3C81B2D8BE0047CC9D09932B /* Barlow-SemiBold.ttf in Resources */,
				4C9B0E3BA75E43A5918CB16C /* Barlow-SemiBoldItalic.ttf in Resources */,
				BE18E149D7DE41A081457B35 /* Barlow-Thin.ttf in Resources */,
				46E0893F58D945939B0ECFC4 /* Barlow-ThinItalic.ttf in Resources */,
				ED49C0A7D6ED4FCD848FF4E7 /* Poppins-Black.ttf in Resources */,
				C9D3DE0497D547AB806FE0A7 /* Poppins-BlackItalic.ttf in Resources */,
				9B610F4C01FB4CAFB315C3B9 /* Poppins-Bold.ttf in Resources */,
				D44627D624A443D490004245 /* Poppins-BoldItalic.ttf in Resources */,
				0C8312D1BDF64953B79C4CA1 /* Poppins-ExtraBold.ttf in Resources */,
				754B45FFA6D743C99DC02D9F /* Poppins-ExtraBoldItalic.ttf in Resources */,
				9F20DD1D7A6C4E6598C9B59F /* Poppins-ExtraLight.ttf in Resources */,
				941C2BB0664D4BD88FB871E3 /* Poppins-ExtraLightItalic.ttf in Resources */,
				3EB4B7F487454E6AA4EEDEC2 /* Poppins-Italic.ttf in Resources */,
				423DD31E6BA44DA78552110E /* Poppins-Light.ttf in Resources */,
				721948A382B44102AE970196 /* Poppins-LightItalic.ttf in Resources */,
				257010BCE76A41178E516E57 /* Poppins-Medium.ttf in Resources */,
				44B7F58B3E8D43D883B85DE2 /* Poppins-MediumItalic.ttf in Resources */,
				2C5BDD17F4164C699F57EE08 /* Poppins-Regular.ttf in Resources */,
				15E33F56466943688FCE7140 /* Poppins-SemiBold.ttf in Resources */,
				D961780C1B864206AA77CE9D /* Poppins-SemiBoldItalic.ttf in Resources */,
				065DB53C46AD42BEB3A720D0 /* Poppins-Thin.ttf in Resources */,
				B94C523798E148129DE70474 /* Poppins-ThinItalic.ttf in Resources */,
				9E04C0E3C9504C65A93B851A /* OFL.txt in Resources */,
				0EF34F2BA73B4CAB86C0F282 /* AntDesign.ttf in Resources */,
				4D6CAFC2FD56421ABC0F3BF0 /* Entypo.ttf in Resources */,
				C9AC1A88FC6844868FA9BF4D /* EvilIcons.ttf in Resources */,
				799EF728991343E681FE12FB /* Feather.ttf in Resources */,
				5766FC585CB64A30A87A130F /* FontAwesome.ttf in Resources */,
				D2204E12C4494A43B8FDFEB7 /* FontAwesome5_Brands.ttf in Resources */,
				2FD71FBDE3FB4E22BF24E187 /* FontAwesome5_Regular.ttf in Resources */,
				2E7216688AE2458FBB5BEE6A /* FontAwesome5_Solid.ttf in Resources */,
				F487CBDB64394C3991784BF1 /* Fontisto.ttf in Resources */,
				1C05FD4A74604E708156A5FE /* Foundation.ttf in Resources */,
				462993712A5E41A999C953C3 /* Ionicons.ttf in Resources */,
				BF57C29A6B094A9082AC80FC /* MaterialCommunityIcons.ttf in Resources */,
				9D76EB6A94454139ABAF1E25 /* MaterialIcons.ttf in Resources */,
				5864A37E59814B4F9BA01D96 /* Octicons.ttf in Resources */,
				F85B9C2163944A1BAB1920D8 /* SimpleLineIcons.ttf in Resources */,
				D28DCB8E58AE421CA5645FCA /* Zocial.ttf in Resources */,
			);
			runOnlyForDeploymentPostprocessing = 0;
		};
/* End PBXResourcesBuildPhase section */

/* Begin PBXShellScriptBuildPhase section */
		00DD1BFF1BD5951E006B06BC /* Bundle React Native code and images */ = {
			isa = PBXShellScriptBuildPhase;
			buildActionMask = 2147483647;
			files = (
			);
			inputPaths = (
				"$(SRCROOT)/.xcode.env.local",
				"$(SRCROOT)/.xcode.env",
			);
			name = "Bundle React Native code and images";
			outputPaths = (
			);
			runOnlyForDeploymentPostprocessing = 0;
			shellPath = /bin/sh;
			shellScript = "set -e\n\nWITH_ENVIRONMENT=\"$REACT_NATIVE_PATH/scripts/xcode/with-environment.sh\"\nREACT_NATIVE_XCODE=\"$REACT_NATIVE_PATH/scripts/react-native-xcode.sh\"\n\n/bin/sh -c \"$WITH_ENVIRONMENT $REACT_NATIVE_XCODE\"\n";
		};
		00EEFC60759A1932668264C0 /* [CP] Embed Pods Frameworks */ = {
			isa = PBXShellScriptBuildPhase;
			buildActionMask = 2147483647;
			files = (
			);
			inputFileListPaths = (
				"${PODS_ROOT}/Target Support Files/Pods-neo_app/Pods-neo_app-frameworks-${CONFIGURATION}-input-files.xcfilelist",
			);
			name = "[CP] Embed Pods Frameworks";
			outputFileListPaths = (
				"${PODS_ROOT}/Target Support Files/Pods-neo_app/Pods-neo_app-frameworks-${CONFIGURATION}-output-files.xcfilelist",
			);
			runOnlyForDeploymentPostprocessing = 0;
			shellPath = /bin/sh;
			shellScript = "\"${PODS_ROOT}/Target Support Files/Pods-neo_app/Pods-neo_app-frameworks.sh\"\n";
			showEnvVarsInLog = 0;
		};
		A55EABD7B0C7F3A422A6CC61 /* [CP] Check Pods Manifest.lock */ = {
			isa = PBXShellScriptBuildPhase;
			buildActionMask = 2147483647;
			files = (
			);
			inputFileListPaths = (
			);
			inputPaths = (
				"${PODS_PODFILE_DIR_PATH}/Podfile.lock",
				"${PODS_ROOT}/Manifest.lock",
			);
			name = "[CP] Check Pods Manifest.lock";
			outputFileListPaths = (
			);
			outputPaths = (
				"$(DERIVED_FILE_DIR)/Pods-neo_app-neo_appTests-checkManifestLockResult.txt",
			);
			runOnlyForDeploymentPostprocessing = 0;
			shellPath = /bin/sh;
			shellScript = "diff \"${PODS_PODFILE_DIR_PATH}/Podfile.lock\" \"${PODS_ROOT}/Manifest.lock\" > /dev/null\nif [ $? != 0 ] ; then\n    # print error to STDERR\n    echo \"error: The sandbox is not in sync with the Podfile.lock. Run 'pod install' or update your CocoaPods installation.\" >&2\n    exit 1\nfi\n# This output is used by Xcode 'outputs' to avoid re-running this script phase.\necho \"SUCCESS\" > \"${SCRIPT_OUTPUT_FILE_0}\"\n";
			showEnvVarsInLog = 0;
		};
		C38B50BA6285516D6DCD4F65 /* [CP] Check Pods Manifest.lock */ = {
			isa = PBXShellScriptBuildPhase;
			buildActionMask = 2147483647;
			files = (
			);
			inputFileListPaths = (
			);
			inputPaths = (
				"${PODS_PODFILE_DIR_PATH}/Podfile.lock",
				"${PODS_ROOT}/Manifest.lock",
			);
			name = "[CP] Check Pods Manifest.lock";
			outputFileListPaths = (
			);
			outputPaths = (
				"$(DERIVED_FILE_DIR)/Pods-neo_app-checkManifestLockResult.txt",
			);
			runOnlyForDeploymentPostprocessing = 0;
			shellPath = /bin/sh;
			shellScript = "diff \"${PODS_PODFILE_DIR_PATH}/Podfile.lock\" \"${PODS_ROOT}/Manifest.lock\" > /dev/null\nif [ $? != 0 ] ; then\n    # print error to STDERR\n    echo \"error: The sandbox is not in sync with the Podfile.lock. Run 'pod install' or update your CocoaPods installation.\" >&2\n    exit 1\nfi\n# This output is used by Xcode 'outputs' to avoid re-running this script phase.\necho \"SUCCESS\" > \"${SCRIPT_OUTPUT_FILE_0}\"\n";
			showEnvVarsInLog = 0;
		};
		C59DA0FBD6956966B86A3779 /* [CP] Embed Pods Frameworks */ = {
			isa = PBXShellScriptBuildPhase;
			buildActionMask = 2147483647;
			files = (
			);
			inputFileListPaths = (
				"${PODS_ROOT}/Target Support Files/Pods-neo_app-neo_appTests/Pods-neo_app-neo_appTests-frameworks-${CONFIGURATION}-input-files.xcfilelist",
			);
			name = "[CP] Embed Pods Frameworks";
			outputFileListPaths = (
				"${PODS_ROOT}/Target Support Files/Pods-neo_app-neo_appTests/Pods-neo_app-neo_appTests-frameworks-${CONFIGURATION}-output-files.xcfilelist",
			);
			runOnlyForDeploymentPostprocessing = 0;
			shellPath = /bin/sh;
			shellScript = "\"${PODS_ROOT}/Target Support Files/Pods-neo_app-neo_appTests/Pods-neo_app-neo_appTests-frameworks.sh\"\n";
			showEnvVarsInLog = 0;
		};
		E235C05ADACE081382539298 /* [CP] Copy Pods Resources */ = {
			isa = PBXShellScriptBuildPhase;
			buildActionMask = 2147483647;
			files = (
			);
			inputFileListPaths = (
				"${PODS_ROOT}/Target Support Files/Pods-neo_app/Pods-neo_app-resources-${CONFIGURATION}-input-files.xcfilelist",
			);
			name = "[CP] Copy Pods Resources";
			outputFileListPaths = (
				"${PODS_ROOT}/Target Support Files/Pods-neo_app/Pods-neo_app-resources-${CONFIGURATION}-output-files.xcfilelist",
			);
			runOnlyForDeploymentPostprocessing = 0;
			shellPath = /bin/sh;
			shellScript = "\"${PODS_ROOT}/Target Support Files/Pods-neo_app/Pods-neo_app-resources.sh\"\n";
			showEnvVarsInLog = 0;
		};
		F6A41C54EA430FDDC6A6ED99 /* [CP] Copy Pods Resources */ = {
			isa = PBXShellScriptBuildPhase;
			buildActionMask = 2147483647;
			files = (
			);
			inputFileListPaths = (
				"${PODS_ROOT}/Target Support Files/Pods-neo_app-neo_appTests/Pods-neo_app-neo_appTests-resources-${CONFIGURATION}-input-files.xcfilelist",
			);
			name = "[CP] Copy Pods Resources";
			outputFileListPaths = (
				"${PODS_ROOT}/Target Support Files/Pods-neo_app-neo_appTests/Pods-neo_app-neo_appTests-resources-${CONFIGURATION}-output-files.xcfilelist",
			);
			runOnlyForDeploymentPostprocessing = 0;
			shellPath = /bin/sh;
			shellScript = "\"${PODS_ROOT}/Target Support Files/Pods-neo_app-neo_appTests/Pods-neo_app-neo_appTests-resources.sh\"\n";
			showEnvVarsInLog = 0;
		};
/* End PBXShellScriptBuildPhase section */

/* Begin PBXSourcesBuildPhase section */
		00E356EA1AD99517003FC87E /* Sources */ = {
			isa = PBXSourcesBuildPhase;
			buildActionMask = 2147483647;
			files = (
				00E356F31AD99517003FC87E /* neo_appTests.m in Sources */,
			);
			runOnlyForDeploymentPostprocessing = 0;
		};
		13B07F871A680F5B00A75B9A /* Sources */ = {
			isa = PBXSourcesBuildPhase;
			buildActionMask = 2147483647;
			files = (
				13B07FBC1A68108700A75B9A /* AppDelegate.mm in Sources */,
				13B07FC11A68108700A75B9A /* main.m in Sources */,
			);
			runOnlyForDeploymentPostprocessing = 0;
		};
/* End PBXSourcesBuildPhase section */

/* Begin PBXTargetDependency section */
		00E356F51AD99517003FC87E /* PBXTargetDependency */ = {
			isa = PBXTargetDependency;
			target = 13B07F861A680F5B00A75B9A /* neo_app */;
			targetProxy = 00E356F41AD99517003FC87E /* PBXContainerItemProxy */;
		};
/* End PBXTargetDependency section */

/* Begin XCBuildConfiguration section */
		00E356F61AD99517003FC87E /* Debug */ = {
			isa = XCBuildConfiguration;
			baseConfigurationReference = 5B7EB9410499542E8C5724F5 /* Pods-neo_app-neo_appTests.debug.xcconfig */;
			buildSettings = {
				BUNDLE_LOADER = "$(TEST_HOST)";
				GCC_PREPROCESSOR_DEFINITIONS = (
					"DEBUG=1",
					"$(inherited)",
				);
				INFOPLIST_FILE = neo_appTests/Info.plist;
				IPHONEOS_DEPLOYMENT_TARGET = 13.4;
				LD_RUNPATH_SEARCH_PATHS = (
					"$(inherited)",
					"@executable_path/Frameworks",
					"@loader_path/Frameworks",
				);
				OTHER_LDFLAGS = (
					"-ObjC",
					"-lc++",
					"$(inherited)",
				);
				PRODUCT_BUNDLE_IDENTIFIER = "org.reactjs.native.example.$(PRODUCT_NAME:rfc1034identifier)";
				PRODUCT_NAME = "$(TARGET_NAME)";
				TEST_HOST = "$(BUILT_PRODUCTS_DIR)/neo_app.app/neo_app";
			};
			name = Debug;
		};
		00E356F71AD99517003FC87E /* Release */ = {
			isa = XCBuildConfiguration;
			baseConfigurationReference = 89C6BE57DB24E9ADA2F236DE /* Pods-neo_app-neo_appTests.release.xcconfig */;
			buildSettings = {
				BUNDLE_LOADER = "$(TEST_HOST)";
				COPY_PHASE_STRIP = NO;
				INFOPLIST_FILE = neo_appTests/Info.plist;
				IPHONEOS_DEPLOYMENT_TARGET = 13.4;
				LD_RUNPATH_SEARCH_PATHS = (
					"$(inherited)",
					"@executable_path/Frameworks",
					"@loader_path/Frameworks",
				);
				OTHER_LDFLAGS = (
					"-ObjC",
					"-lc++",
					"$(inherited)",
				);
				PRODUCT_BUNDLE_IDENTIFIER = "org.reactjs.native.example.$(PRODUCT_NAME:rfc1034identifier)";
				PRODUCT_NAME = "$(TARGET_NAME)";
				TEST_HOST = "$(BUILT_PRODUCTS_DIR)/neo_app.app/neo_app";
			};
			name = Release;
		};
		13B07F941A680F5B00A75B9A /* Debug */ = {
			isa = XCBuildConfiguration;
			baseConfigurationReference = 3B4392A12AC88292D35C810B /* Pods-neo_app.debug.xcconfig */;
			buildSettings = {
				ASSETCATALOG_COMPILER_APPICON_NAME = AppIcon;
				CLANG_ENABLE_MODULES = YES;
				CURRENT_PROJECT_VERSION = 1;
				ENABLE_BITCODE = NO;
				INFOPLIST_FILE = neo_app/Info.plist;
				LD_RUNPATH_SEARCH_PATHS = (
					"$(inherited)",
					"@executable_path/Frameworks",
				);
				MARKETING_VERSION = 1.0;
				OTHER_LDFLAGS = (
					"$(inherited)",
					"-ObjC",
					"-lc++",
				);
				PRODUCT_BUNDLE_IDENTIFIER = "org.reactjs.native.example.$(PRODUCT_NAME:rfc1034identifier)";
				PRODUCT_NAME = neo_app;
				SWIFT_OPTIMIZATION_LEVEL = "-Onone";
				SWIFT_VERSION = 5.0;
				VERSIONING_SYSTEM = "apple-generic";
			};
			name = Debug;
		};
		13B07F951A680F5B00A75B9A /* Release */ = {
			isa = XCBuildConfiguration;
			baseConfigurationReference = 5709B34CF0A7D63546082F79 /* Pods-neo_app.release.xcconfig */;
			buildSettings = {
				ASSETCATALOG_COMPILER_APPICON_NAME = AppIcon;
				CLANG_ENABLE_MODULES = YES;
				CURRENT_PROJECT_VERSION = 1;
				INFOPLIST_FILE = neo_app/Info.plist;
				LD_RUNPATH_SEARCH_PATHS = (
					"$(inherited)",
					"@executable_path/Frameworks",
				);
				MARKETING_VERSION = 1.0;
				OTHER_LDFLAGS = (
					"$(inherited)",
					"-ObjC",
					"-lc++",
				);
				PRODUCT_BUNDLE_IDENTIFIER = "org.reactjs.native.example.$(PRODUCT_NAME:rfc1034identifier)";
				PRODUCT_NAME = neo_app;
				SWIFT_VERSION = 5.0;
				VERSIONING_SYSTEM = "apple-generic";
			};
			name = Release;
		};
		83CBBA201A601CBA00E9B192 /* Debug */ = {
			isa = XCBuildConfiguration;
			buildSettings = {
				ALWAYS_SEARCH_USER_PATHS = NO;
				CC = "";
				CLANG_ANALYZER_LOCALIZABILITY_NONLOCALIZED = YES;
				CLANG_CXX_LANGUAGE_STANDARD = "c++20";
				CLANG_CXX_LIBRARY = "libc++";
				CLANG_ENABLE_MODULES = YES;
				CLANG_ENABLE_OBJC_ARC = YES;
				CLANG_WARN_BLOCK_CAPTURE_AUTORELEASING = YES;
				CLANG_WARN_BOOL_CONVERSION = YES;
				CLANG_WARN_COMMA = YES;
				CLANG_WARN_CONSTANT_CONVERSION = YES;
				CLANG_WARN_DEPRECATED_OBJC_IMPLEMENTATIONS = YES;
				CLANG_WARN_DIRECT_OBJC_ISA_USAGE = YES_ERROR;
				CLANG_WARN_EMPTY_BODY = YES;
				CLANG_WARN_ENUM_CONVERSION = YES;
				CLANG_WARN_INFINITE_RECURSION = YES;
				CLANG_WARN_INT_CONVERSION = YES;
				CLANG_WARN_NON_LITERAL_NULL_CONVERSION = YES;
				CLANG_WARN_OBJC_IMPLICIT_RETAIN_SELF = YES;
				CLANG_WARN_OBJC_LITERAL_CONVERSION = YES;
				CLANG_WARN_OBJC_ROOT_CLASS = YES_ERROR;
				CLANG_WARN_QUOTED_INCLUDE_IN_FRAMEWORK_HEADER = YES;
				CLANG_WARN_RANGE_LOOP_ANALYSIS = YES;
				CLANG_WARN_STRICT_PROTOTYPES = YES;
				CLANG_WARN_SUSPICIOUS_MOVE = YES;
				CLANG_WARN_UNREACHABLE_CODE = YES;
				CLANG_WARN__DUPLICATE_METHOD_MATCH = YES;
				"CODE_SIGN_IDENTITY[sdk=iphoneos*]" = "iPhone Developer";
				COPY_PHASE_STRIP = NO;
				CXX = "";
				ENABLE_STRICT_OBJC_MSGSEND = YES;
				ENABLE_TESTABILITY = YES;
				"EXCLUDED_ARCHS[sdk=iphonesimulator*]" = "";
				GCC_C_LANGUAGE_STANDARD = gnu99;
				GCC_DYNAMIC_NO_PIC = NO;
				GCC_NO_COMMON_BLOCKS = YES;
				GCC_OPTIMIZATION_LEVEL = 0;
				GCC_PREPROCESSOR_DEFINITIONS = (
					"DEBUG=1",
					"$(inherited)",
				);
				GCC_SYMBOLS_PRIVATE_EXTERN = NO;
				GCC_WARN_64_TO_32_BIT_CONVERSION = YES;
				GCC_WARN_ABOUT_RETURN_TYPE = YES_ERROR;
				GCC_WARN_UNDECLARED_SELECTOR = YES;
				GCC_WARN_UNINITIALIZED_AUTOS = YES_AGGRESSIVE;
				GCC_WARN_UNUSED_FUNCTION = YES;
				GCC_WARN_UNUSED_VARIABLE = YES;
				IPHONEOS_DEPLOYMENT_TARGET = 13.4;
				LD = "";
				LDPLUSPLUS = "";
				LD_RUNPATH_SEARCH_PATHS = (
					/usr/lib/swift,
					"$(inherited)",
				);
				LIBRARY_SEARCH_PATHS = (
					"\"$(SDKROOT)/usr/lib/swift\"",
					"\"$(TOOLCHAIN_DIR)/usr/lib/swift/$(PLATFORM_NAME)\"",
					"\"$(inherited)\"",
				);
				MTL_ENABLE_DEBUG_INFO = YES;
				ONLY_ACTIVE_ARCH = YES;
				OTHER_CPLUSPLUSFLAGS = (
					"$(OTHER_CFLAGS)",
					"-DFOLLY_NO_CONFIG",
					"-DFOLLY_MOBILE=1",
					"-DFOLLY_USE_LIBCPP=1",
					"-DFOLLY_CFG_NO_COROUTINES=1",
					"-DFOLLY_HAVE_CLOCK_GETTIME=1",
				);
				OTHER_LDFLAGS = (
					"$(inherited)",
					" ",
				);
				REACT_NATIVE_PATH = "${PODS_ROOT}/../../node_modules/react-native";
				SDKROOT = iphoneos;
				USE_HERMES = true;
			};
			name = Debug;
		};
		83CBBA211A601CBA00E9B192 /* Release */ = {
			isa = XCBuildConfiguration;
			buildSettings = {
				ALWAYS_SEARCH_USER_PATHS = NO;
				CC = "";
				CLANG_ANALYZER_LOCALIZABILITY_NONLOCALIZED = YES;
				CLANG_CXX_LANGUAGE_STANDARD = "c++20";
				CLANG_CXX_LIBRARY = "libc++";
				CLANG_ENABLE_MODULES = YES;
				CLANG_ENABLE_OBJC_ARC = YES;
				CLANG_WARN_BLOCK_CAPTURE_AUTORELEASING = YES;
				CLANG_WARN_BOOL_CONVERSION = YES;
				CLANG_WARN_COMMA = YES;
				CLANG_WARN_CONSTANT_CONVERSION = YES;
				CLANG_WARN_DEPRECATED_OBJC_IMPLEMENTATIONS = YES;
				CLANG_WARN_DIRECT_OBJC_ISA_USAGE = YES_ERROR;
				CLANG_WARN_EMPTY_BODY = YES;
				CLANG_WARN_ENUM_CONVERSION = YES;
				CLANG_WARN_INFINITE_RECURSION = YES;
				CLANG_WARN_INT_CONVERSION = YES;
				CLANG_WARN_NON_LITERAL_NULL_CONVERSION = YES;
				CLANG_WARN_OBJC_IMPLICIT_RETAIN_SELF = YES;
				CLANG_WARN_OBJC_LITERAL_CONVERSION = YES;
				CLANG_WARN_OBJC_ROOT_CLASS = YES_ERROR;
				CLANG_WARN_QUOTED_INCLUDE_IN_FRAMEWORK_HEADER = YES;
				CLANG_WARN_RANGE_LOOP_ANALYSIS = YES;
				CLANG_WARN_STRICT_PROTOTYPES = YES;
				CLANG_WARN_SUSPICIOUS_MOVE = YES;
				CLANG_WARN_UNREACHABLE_CODE = YES;
				CLANG_WARN__DUPLICATE_METHOD_MATCH = YES;
				"CODE_SIGN_IDENTITY[sdk=iphoneos*]" = "iPhone Developer";
				COPY_PHASE_STRIP = YES;
				CXX = "";
				ENABLE_NS_ASSERTIONS = NO;
				ENABLE_STRICT_OBJC_MSGSEND = YES;
				"EXCLUDED_ARCHS[sdk=iphonesimulator*]" = "";
				GCC_C_LANGUAGE_STANDARD = gnu99;
				GCC_NO_COMMON_BLOCKS = YES;
				GCC_WARN_64_TO_32_BIT_CONVERSION = YES;
				GCC_WARN_ABOUT_RETURN_TYPE = YES_ERROR;
				GCC_WARN_UNDECLARED_SELECTOR = YES;
				GCC_WARN_UNINITIALIZED_AUTOS = YES_AGGRESSIVE;
				GCC_WARN_UNUSED_FUNCTION = YES;
				GCC_WARN_UNUSED_VARIABLE = YES;
				IPHONEOS_DEPLOYMENT_TARGET = 13.4;
				LD = "";
				LDPLUSPLUS = "";
				LD_RUNPATH_SEARCH_PATHS = (
					/usr/lib/swift,
					"$(inherited)",
				);
				LIBRARY_SEARCH_PATHS = (
					"\"$(SDKROOT)/usr/lib/swift\"",
					"\"$(TOOLCHAIN_DIR)/usr/lib/swift/$(PLATFORM_NAME)\"",
					"\"$(inherited)\"",
				);
				MTL_ENABLE_DEBUG_INFO = NO;
				OTHER_CPLUSPLUSFLAGS = (
					"$(OTHER_CFLAGS)",
					"-DFOLLY_NO_CONFIG",
					"-DFOLLY_MOBILE=1",
					"-DFOLLY_USE_LIBCPP=1",
					"-DFOLLY_CFG_NO_COROUTINES=1",
					"-DFOLLY_HAVE_CLOCK_GETTIME=1",
				);
				OTHER_LDFLAGS = (
					"$(inherited)",
					" ",
				);
				REACT_NATIVE_PATH = "${PODS_ROOT}/../../node_modules/react-native";
				SDKROOT = iphoneos;
				USE_HERMES = true;
				VALIDATE_PRODUCT = YES;
			};
			name = Release;
		};
/* End XCBuildConfiguration section */

/* Begin XCConfigurationList section */
		00E357021AD99517003FC87E /* Build configuration list for PBXNativeTarget "neo_appTests" */ = {
			isa = XCConfigurationList;
			buildConfigurations = (
				00E356F61AD99517003FC87E /* Debug */,
				00E356F71AD99517003FC87E /* Release */,
			);
			defaultConfigurationIsVisible = 0;
			defaultConfigurationName = Release;
		};
		13B07F931A680F5B00A75B9A /* Build configuration list for PBXNativeTarget "neo_app" */ = {
			isa = XCConfigurationList;
			buildConfigurations = (
				13B07F941A680F5B00A75B9A /* Debug */,
				13B07F951A680F5B00A75B9A /* Release */,
			);
			defaultConfigurationIsVisible = 0;
			defaultConfigurationName = Release;
		};
		83CBB9FA1A601CBA00E9B192 /* Build configuration list for PBXProject "neo_app" */ = {
			isa = XCConfigurationList;
			buildConfigurations = (
				83CBBA201A601CBA00E9B192 /* Debug */,
				83CBBA211A601CBA00E9B192 /* Release */,
			);
			defaultConfigurationIsVisible = 0;
			defaultConfigurationName = Release;
		};
/* End XCConfigurationList section */
	};
	rootObject = 83CBB9F71A601CBA00E9B192 /* Project object */;
}
